<?xml version="1.0" encoding="UTF-8" standalone="yes" ?>
<CodeBlocks_project_file>
	<FileVersion major="1" minor="6" />
	<Project>
		<Option title="pauseProgram" />
		<Option pch_mode="2" />
		<Option compiler="gcc" />
		<Build>
			<Target title="偵錯版本(Linux x86)">
				<Option output="Executables/Debug_version/pauseProgram.linux.x86.executable" prefix_auto="1" extension_auto="0" />
				<Option object_output="Object_files/Debug_version/" />
				<Option type="1" />
				<Option compiler="gcc" />
				<Compiler>
					<Add option="-g" />
				</Compiler>
			</Target>
			<Target title="釋出版本(Linux x86)">
				<Option output="Executables/Release_version/pauseProgram.linux.x86.executable" prefix_auto="1" extension_auto="0" />
				<Option object_output="Object_files/Release_version/" />
				<Option type="1" />
				<Option compiler="gcc" />
				<Compiler>
					<Add option="-O2" />
				</Compiler>
				<Linker>
					<Add option="-s" />
				</Linker>
			</Target>
			<Target title="偵錯版本(Windows x86)">
				<Option output="Executables/Debug_version/pauseProgram.windows.x86.exe" prefix_auto="1" extension_auto="0" />
				<Option object_output="Object_files/Debug_version/" />
				<Option type="1" />
				<Option compiler="gcc" />
				<Option use_console_runner="0" />
			</Target>
			<Target title="釋出版本(Windows x86)">
				<Option output="Executables/Release_version/pauseProgram.windows.x86.exe" prefix_auto="1" extension_auto="0" />
				<Option object_output="Object_files/Release_version/" />
				<Option type="1" />
				<Option compiler="gcc" />
				<Option use_console_runner="0" />
			</Target>
		</Build>
		<Compiler>
			<Add option="-Wall" />
		</Compiler>
		<Unit filename="Source_code/Pause_program.c">
			<Option compilerVar="CC" />
			<Option target="偵錯版本(Linux x86)" />
			<Option target="釋出版本(Linux x86)" />
		</Unit>
		<Unit filename="Source_code/Pause_program.h">
			<Option target="偵錯版本(Linux x86)" />
			<Option target="釋出版本(Linux x86)" />
		</Unit>
		<Unit filename="Source_code/main.c">
			<Option compilerVar="CC" />
			<Option target="偵錯版本(Linux x86)" />
			<Option target="釋出版本(Linux x86)" />
			<Option target="偵錯版本(Windows x86)" />
		</Unit>
		<Unit filename="Source_code/main.h">
			<Option target="偵錯版本(Linux x86)" />
			<Option target="釋出版本(Linux x86)" />
			<Option target="偵錯版本(Windows x86)" />
		</Unit>
		<Extensions>
			<code_completion />
			<debugger />
		</Extensions>
	</Project>
</CodeBlocks_project_file>
