<?xml version="1.0" encoding="UTF-8" standalone="yes" ?>
<CodeBlocks_project_file>
	<FileVersion major="1" minor="6" />
	<Project>
		<Option title="Vdragon_s_C_CPP_Libraries" />
		<Option pch_mode="2" />
		<Option compiler="gcc" />
		<Build>
			<Target title="Generic_Library_Debug">
				<Option output="Build/$(TARGET_NAME)/VCCL" prefix_auto="1" extension_auto="1" />
				<Option working_dir="" />
				<Option object_output="Object_code/$(TARGET_NAME)/" />
				<Option type="2" />
				<Option compiler="gcc" />
				<Compiler>
					<Add option="-Weffc++" />
					<Add option="-Wmain" />
					<Add option="-pedantic" />
					<Add option="-Wall" />
					<Add option="-ansi" />
					<Add option="-g" />
				</Compiler>
			</Target>
			<Target title="Generic_Library_Release">
				<Option output="Build/$(TARGET_NAME)/VCCL" prefix_auto="1" extension_auto="1" />
				<Option working_dir="" />
				<Option object_output="Object_code/$(TARGET_NAME)/" />
				<Option type="2" />
				<Option compiler="gcc" />
				<Compiler>
					<Add option="-O2" />
				</Compiler>
			</Target>
			<Target title="Generic_Library_Windows_Debug">
				<Option output="Build/$(TARGET_NAME)/VCCL" prefix_auto="1" extension_auto="1" />
				<Option working_dir="" />
				<Option object_output="Object_code/$(TARGET_NAME)/" />
				<Option type="2" />
				<Option compiler="gcc" />
				<Compiler>
					<Add option="-Weffc++" />
					<Add option="-Wmain" />
					<Add option="-pedantic" />
					<Add option="-Wall" />
					<Add option="-ansi" />
					<Add option="-g" />
					<Add directory="C:/Program Files (x86)/GnuWin32/include" />
				</Compiler>
				<Linker>
					<Add directory="C:/Program Files (x86)/GnuWin32/lib" />
				</Linker>
			</Target>
			<Target title="Generic_Library_Windows_Release">
				<Option output="Build/$(TARGET_NAME)/VCCL" prefix_auto="1" extension_auto="1" />
				<Option working_dir="" />
				<Option object_output="Object_code/$(TARGET_NAME)/" />
				<Option type="2" />
				<Option compiler="gcc" />
				<Compiler>
					<Add option="-O2" />
					<Add directory="C:/Program Files (x86)/GnuWin32/include" />
				</Compiler>
				<Linker>
					<Add directory="C:/Program Files (x86)/GnuWin32/lib" />
				</Linker>
			</Target>
			<Target title="Generic_Debug">
				<Option output="Build/$(TARGET_NAME)/$(PROJECT_NAME)" prefix_auto="0" extension_auto="1" />
				<Option object_output="Object_code/$(TARGET_NAME)/" />
				<Option type="1" />
				<Option compiler="gcc" />
				<Option use_console_runner="0" />
				<Compiler>
					<Add option="-Wall" />
					<Add option="-ansi" />
					<Add option="-g" />
					<Add directory="Build/Generic_Library_Debug" />
				</Compiler>
				<Linker>
					<Add library="VCCL_Swap_algorithm_C" />
					<Add directory="Build/Generic_Library_Debug" />
				</Linker>
			</Target>
			<Target title="Generic_Release">
				<Option output="Build/$(TARGET_NAME)/$(PROJECT_NAME)" prefix_auto="0" extension_auto="1" />
				<Option object_output="Object_code/$(TARGET_NAME)/" />
				<Option type="1" />
				<Option compiler="gcc" />
				<Option use_console_runner="0" />
			</Target>
			<Target title="Debug_Linux_x86_32bit">
				<Option platforms="Unix;" />
				<Option output="Build/$(TARGET_NAME)/$(PROJECT_NAME).exe" prefix_auto="0" extension_auto="0" />
				<Option object_output="Object_code/$(TARGET_NAME)/" />
				<Option type="1" />
				<Option compiler="gcc" />
				<Compiler>
					<Add option="-g" />
				</Compiler>
			</Target>
			<Target title="Release_Linux_x86_32bit">
				<Option platforms="Unix;" />
				<Option output="Build/$(TARGET_NAME)/$(PROJECT_NAME).exe" prefix_auto="0" extension_auto="0" />
				<Option object_output="Object_code/$(TARGET_NAME)/" />
				<Option type="1" />
				<Option compiler="gcc" />
				<Compiler>
					<Add option="-O2" />
					<Add option="-DNDEBUG" />
				</Compiler>
				<Linker>
					<Add option="-s" />
				</Linker>
			</Target>
			<Target title="Debug_Windows_x86_32bit">
				<Option platforms="Windows;" />
				<Option output="Build/$(TARGET_NAME)/$(PROJECT_NAME).exe" prefix_auto="0" extension_auto="0" />
				<Option object_output="Object_code/$(TARGET_NAME)/" />
				<Option type="1" />
				<Option compiler="gcc" />
				<Option projectIncludeDirsRelation="2" />
				<Option projectLibDirsRelation="2" />
				<Compiler>
					<Add option="-g" />
				</Compiler>
			</Target>
			<Target title="Release_Windows_x86_32bit">
				<Option platforms="Windows;" />
				<Option output="Build/$(TARGET_NAME)/$(PROJECT_NAME).exe" prefix_auto="0" extension_auto="0" />
				<Option object_output="Object_code/$(TARGET_NAME)/" />
				<Option type="1" />
				<Option compiler="gcc" />
				<Option projectIncludeDirsRelation="2" />
				<Option projectLibDirsRelation="2" />
				<Compiler>
					<Add option="-O2" />
					<Add option="-DNDEBUG" />
				</Compiler>
				<Linker>
					<Add option="-s" />
				</Linker>
			</Target>
			<Target title="Debug_Mac_x86_32bit">
				<Option platforms="Mac;" />
				<Option output="Build/$(TARGET_NAME)/$(PROJECT_NAME).exe" prefix_auto="0" extension_auto="0" />
				<Option object_output="Object_code/$(TARGET_NAME)/" />
				<Option type="1" />
				<Option compiler="gcc" />
				<Compiler>
					<Add option="-g" />
				</Compiler>
				<Linker>
					<Add option="-lglut" />
				</Linker>
			</Target>
			<Target title="Release_Mac_x86_32bit">
				<Option platforms="Mac;" />
				<Option output="Build/$(TARGET_NAME)/$(PROJECT_NAME).exe" prefix_auto="0" extension_auto="0" />
				<Option object_output="Object_code/$(TARGET_NAME)/" />
				<Option type="1" />
				<Option compiler="gcc" />
				<Compiler>
					<Add option="-O2" />
					<Add option="-DNDEBUG" />
				</Compiler>
				<Linker>
					<Add option="-s" />
					<Add option="-lglut" />
				</Linker>
			</Target>
			<Target title="VCCL_Swap_algorithm_C">
				<Option output="Build/Generic_Library_Debug/${TARGET_NAME}" prefix_auto="1" extension_auto="1" />
				<Option working_dir="" />
				<Option object_output="Object_code/$(TARGET_NAME)/" />
				<Option type="2" />
				<Option compiler="gcc" />
				<Compiler>
					<Add option="-Weffc++" />
					<Add option="-Wmain" />
					<Add option="-pedantic" />
					<Add option="-Wall" />
					<Add option="-ansi" />
					<Add option="-g" />
				</Compiler>
			</Target>
		</Build>
		<Compiler>
			<Add option="-Wall" />
			<Add option="-ansi" />
			<Add option="-fexceptions" />
		</Compiler>
		<Linker>
			<Add library="intl" />
		</Linker>
		<Unit filename="../Source_code/Copy_algorithm/Copy_algorithm.c">
			<Option compilerVar="CC" />
			<Option target="Generic_Library_Debug" />
			<Option target="Generic_Library_Release" />
			<Option target="Generic_Library_Windows_Debug" />
			<Option target="Generic_Library_Windows_Release" />
		</Unit>
		<Unit filename="../Source_code/Copy_algorithm/Copy_algorithm.h">
			<Option target="Generic_Library_Debug" />
			<Option target="Generic_Library_Release" />
			<Option target="Generic_Library_Windows_Debug" />
			<Option target="Generic_Library_Windows_Release" />
		</Unit>
		<Unit filename="../Source_code/Error_C/Error.c">
			<Option compilerVar="CC" />
			<Option target="Generic_Library_Debug" />
			<Option target="Generic_Library_Release" />
			<Option target="Generic_Library_Windows_Debug" />
			<Option target="Generic_Library_Windows_Release" />
		</Unit>
		<Unit filename="../Source_code/Error_C/Error.h">
			<Option target="Generic_Library_Debug" />
			<Option target="Generic_Library_Release" />
			<Option target="Generic_Library_Windows_Debug" />
			<Option target="Generic_Library_Windows_Release" />
		</Unit>
		<Unit filename="../Source_code/Linked_List_abstract_data_type/Linked_List_abstract_data_type_C.c">
			<Option compilerVar="CC" />
			<Option target="Generic_Library_Debug" />
			<Option target="Generic_Library_Release" />
			<Option target="Generic_Library_Windows_Debug" />
			<Option target="Generic_Library_Windows_Release" />
		</Unit>
		<Unit filename="../Source_code/Linked_List_abstract_data_type/Linked_List_abstract_data_type_C.h">
			<Option target="Generic_Library_Debug" />
			<Option target="Generic_Library_Release" />
			<Option target="Generic_Library_Windows_Debug" />
			<Option target="Generic_Library_Windows_Release" />
		</Unit>
		<Unit filename="../Source_code/Messages/Messages.c">
			<Option compilerVar="CC" />
			<Option target="Generic_Library_Debug" />
			<Option target="Generic_Library_Release" />
			<Option target="Generic_Library_Windows_Debug" />
			<Option target="Generic_Library_Windows_Release" />
		</Unit>
		<Unit filename="../Source_code/Messages/Messages.h">
			<Option target="Generic_Library_Debug" />
			<Option target="Generic_Library_Release" />
			<Option target="Generic_Library_Windows_Debug" />
			<Option target="Generic_Library_Windows_Release" />
		</Unit>
		<Unit filename="../Source_code/Messages/Messages_Debug.h">
			<Option target="Generic_Library_Debug" />
			<Option target="Generic_Library_Release" />
			<Option target="Generic_Library_Windows_Debug" />
			<Option target="Generic_Library_Windows_Release" />
		</Unit>
		<Unit filename="../Source_code/Messages/Messages_Errors.h">
			<Option target="Generic_Library_Debug" />
			<Option target="Generic_Library_Release" />
			<Option target="Generic_Library_Windows_Debug" />
			<Option target="Generic_Library_Windows_Release" />
		</Unit>
		<Unit filename="../Source_code/Messages/Messages_Prompt.h">
			<Option target="Generic_Library_Debug" />
			<Option target="Generic_Library_Release" />
			<Option target="Generic_Library_Windows_Debug" />
			<Option target="Generic_Library_Windows_Release" />
		</Unit>
		<Unit filename="../Source_code/Messages/Messages_Warning.h">
			<Option target="Generic_Library_Debug" />
			<Option target="Generic_Library_Release" />
			<Option target="Generic_Library_Windows_Debug" />
			<Option target="Generic_Library_Windows_Release" />
		</Unit>
		<Unit filename="../Source_code/Portable_EOL_algorithm_CPP/Portable_EOL_algorithm.cpp">
			<Option target="Generic_Library_Debug" />
			<Option target="Generic_Library_Release" />
			<Option target="Generic_Library_Windows_Debug" />
			<Option target="Generic_Library_Windows_Release" />
		</Unit>
		<Unit filename="../Source_code/Portable_EOL_algorithm_CPP/Portable_EOL_algorithm.hpp">
			<Option target="Generic_Library_Debug" />
			<Option target="Generic_Library_Release" />
			<Option target="Generic_Library_Windows_Debug" />
			<Option target="Generic_Library_Windows_Release" />
		</Unit>
		<Unit filename="../Source_code/Project_specific_configurations/Debug.h">
			<Option target="Generic_Release" />
			<Option target="Debug_Linux_x86_32bit" />
			<Option target="Release_Linux_x86_32bit" />
			<Option target="Debug_Windows_x86_32bit" />
			<Option target="Release_Windows_x86_32bit" />
			<Option target="Debug_Mac_x86_32bit" />
			<Option target="Release_Mac_x86_32bit" />
		</Unit>
		<Unit filename="../Source_code/Project_specific_configurations/GNU_gettext_library.h">
			<Option target="Generic_Release" />
			<Option target="Debug_Linux_x86_32bit" />
			<Option target="Release_Linux_x86_32bit" />
			<Option target="Debug_Windows_x86_32bit" />
			<Option target="Release_Windows_x86_32bit" />
			<Option target="Debug_Mac_x86_32bit" />
			<Option target="Release_Mac_x86_32bit" />
		</Unit>
		<Unit filename="../Source_code/Project_specific_configurations/Math.h">
			<Option target="Generic_Release" />
			<Option target="Debug_Linux_x86_32bit" />
			<Option target="Release_Linux_x86_32bit" />
			<Option target="Debug_Windows_x86_32bit" />
			<Option target="Release_Windows_x86_32bit" />
			<Option target="Debug_Mac_x86_32bit" />
			<Option target="Release_Mac_x86_32bit" />
		</Unit>
		<Unit filename="../Source_code/Project_specific_configurations/Max_value.h">
			<Option target="Generic_Release" />
			<Option target="Debug_Linux_x86_32bit" />
			<Option target="Release_Linux_x86_32bit" />
			<Option target="Debug_Windows_x86_32bit" />
			<Option target="Release_Windows_x86_32bit" />
			<Option target="Debug_Mac_x86_32bit" />
			<Option target="Release_Mac_x86_32bit" />
		</Unit>
		<Unit filename="../Source_code/Project_specific_configurations/Software_info.h">
			<Option target="Generic_Release" />
			<Option target="Debug_Linux_x86_32bit" />
			<Option target="Release_Linux_x86_32bit" />
			<Option target="Debug_Windows_x86_32bit" />
			<Option target="Release_Windows_x86_32bit" />
			<Option target="Debug_Mac_x86_32bit" />
			<Option target="Release_Mac_x86_32bit" />
		</Unit>
		<Unit filename="../Source_code/README.md">
			<Option target="Generic_Release" />
			<Option target="Debug_Linux_x86_32bit" />
			<Option target="Release_Linux_x86_32bit" />
			<Option target="Debug_Windows_x86_32bit" />
			<Option target="Release_Windows_x86_32bit" />
			<Option target="Debug_Mac_x86_32bit" />
			<Option target="Release_Mac_x86_32bit" />
		</Unit>
		<Unit filename="../Source_code/Swap_algorithm_C/Swap_algorithm_C.h">
			<Option target="Generic_Library_Debug" />
			<Option target="Generic_Library_Release" />
			<Option target="Generic_Library_Windows_Debug" />
			<Option target="Generic_Library_Windows_Release" />
		</Unit>
		<Unit filename="../Source_code/Swap_algorithm_C/Swap_algorithm_C_unit_test.c">
			<Option compilerVar="CC" />
			<Option target="Generic_Release" />
			<Option target="Debug_Linux_x86_32bit" />
			<Option target="Release_Linux_x86_32bit" />
			<Option target="Debug_Windows_x86_32bit" />
			<Option target="Release_Windows_x86_32bit" />
			<Option target="Debug_Mac_x86_32bit" />
			<Option target="Release_Mac_x86_32bit" />
			<Option target="VCCL_Swap_algorithm_C" />
			<Option target="Generic_Library_Debug" />
			<Option target="Generic_Library_Release" />
			<Option target="Generic_Library_Windows_Debug" />
			<Option target="Generic_Library_Windows_Release" />
		</Unit>
		<Unit filename="../Source_code/Swap_algorithm_C/Swap_algorithm_C_unit_test.h">
			<Option target="Generic_Release" />
			<Option target="Debug_Linux_x86_32bit" />
			<Option target="Release_Linux_x86_32bit" />
			<Option target="Debug_Windows_x86_32bit" />
			<Option target="Release_Windows_x86_32bit" />
			<Option target="Debug_Mac_x86_32bit" />
			<Option target="Release_Mac_x86_32bit" />
			<Option target="VCCL_Swap_algorithm_C" />
			<Option target="Generic_Library_Debug" />
			<Option target="Generic_Library_Release" />
			<Option target="Generic_Library_Windows_Debug" />
			<Option target="Generic_Library_Windows_Release" />
		</Unit>
		<Unit filename="../Source_code/Swap_algorithm_C/VCCL_Swap_algorithm_C.h">
			<Option target="Generic_Release" />
			<Option target="Generic_Library_Debug" />
			<Option target="Debug_Linux_x86_32bit" />
			<Option target="Release_Linux_x86_32bit" />
			<Option target="Debug_Windows_x86_32bit" />
			<Option target="Release_Windows_x86_32bit" />
			<Option target="Debug_Mac_x86_32bit" />
			<Option target="Release_Mac_x86_32bit" />
			<Option target="Generic_Library_Release" />
			<Option target="VCCL_Swap_algorithm_C" />
			<Option target="Generic_Library_Windows_Debug" />
			<Option target="Generic_Library_Windows_Release" />
		</Unit>
		<Unit filename="../Source_code/Swap_algorithm_C/swapDouble.c">
			<Option compilerVar="CC" />
			<Option target="Generic_Release" />
			<Option target="Generic_Library_Debug" />
			<Option target="Debug_Linux_x86_32bit" />
			<Option target="Release_Linux_x86_32bit" />
			<Option target="Debug_Windows_x86_32bit" />
			<Option target="Release_Windows_x86_32bit" />
			<Option target="Debug_Mac_x86_32bit" />
			<Option target="Release_Mac_x86_32bit" />
			<Option target="Generic_Library_Release" />
			<Option target="VCCL_Swap_algorithm_C" />
			<Option target="Generic_Library_Windows_Debug" />
			<Option target="Generic_Library_Windows_Release" />
		</Unit>
		<Unit filename="../Source_code/Swap_algorithm_C/swapInteger.c">
			<Option compilerVar="CC" />
			<Option target="Generic_Release" />
			<Option target="Generic_Library_Debug" />
			<Option target="Debug_Linux_x86_32bit" />
			<Option target="Release_Linux_x86_32bit" />
			<Option target="Debug_Windows_x86_32bit" />
			<Option target="Release_Windows_x86_32bit" />
			<Option target="Debug_Mac_x86_32bit" />
			<Option target="Release_Mac_x86_32bit" />
			<Option target="Generic_Library_Release" />
			<Option target="VCCL_Swap_algorithm_C" />
			<Option target="Generic_Library_Windows_Debug" />
			<Option target="Generic_Library_Windows_Release" />
		</Unit>
		<Unit filename="../Source_code/Swap_algorithm_C/swapLongInteger.c">
			<Option compilerVar="CC" />
			<Option target="Generic_Release" />
			<Option target="Generic_Library_Debug" />
			<Option target="Debug_Linux_x86_32bit" />
			<Option target="Release_Linux_x86_32bit" />
			<Option target="Debug_Windows_x86_32bit" />
			<Option target="Release_Windows_x86_32bit" />
			<Option target="Debug_Mac_x86_32bit" />
			<Option target="Release_Mac_x86_32bit" />
			<Option target="Generic_Library_Release" />
			<Option target="VCCL_Swap_algorithm_C" />
			<Option target="Generic_Library_Windows_Debug" />
			<Option target="Generic_Library_Windows_Release" />
		</Unit>
		<Unit filename="../Source_code/Swap_algorithm_C/swapUnsignedInteger.c">
			<Option compilerVar="CC" />
			<Option target="Generic_Release" />
			<Option target="Generic_Library_Debug" />
			<Option target="Debug_Linux_x86_32bit" />
			<Option target="Release_Linux_x86_32bit" />
			<Option target="Debug_Windows_x86_32bit" />
			<Option target="Release_Windows_x86_32bit" />
			<Option target="Debug_Mac_x86_32bit" />
			<Option target="Release_Mac_x86_32bit" />
			<Option target="Generic_Library_Release" />
			<Option target="VCCL_Swap_algorithm_C" />
			<Option target="Generic_Library_Windows_Debug" />
			<Option target="Generic_Library_Windows_Release" />
		</Unit>
		<Unit filename="../Source_code/Swap_algorithm_C/swapUnsignedShortInteger.c">
			<Option compilerVar="CC" />
			<Option target="Generic_Release" />
			<Option target="Generic_Library_Debug" />
			<Option target="Debug_Linux_x86_32bit" />
			<Option target="Release_Linux_x86_32bit" />
			<Option target="Debug_Windows_x86_32bit" />
			<Option target="Release_Windows_x86_32bit" />
			<Option target="Debug_Mac_x86_32bit" />
			<Option target="Release_Mac_x86_32bit" />
			<Option target="Generic_Library_Release" />
			<Option target="VCCL_Swap_algorithm_C" />
			<Option target="Generic_Library_Windows_Debug" />
			<Option target="Generic_Library_Windows_Release" />
		</Unit>
		<Unit filename="../Source_code/Time/Time.c">
			<Option compilerVar="CC" />
			<Option target="Generic_Library_Debug" />
			<Option target="Generic_Library_Release" />
			<Option target="Generic_Library_Windows_Debug" />
			<Option target="Generic_Library_Windows_Release" />
		</Unit>
		<Unit filename="../Source_code/Time/Time.h">
			<Option target="Generic_Library_Debug" />
			<Option target="Generic_Library_Release" />
			<Option target="Generic_Library_Windows_Debug" />
			<Option target="Generic_Library_Windows_Release" />
		</Unit>
		<Unit filename="../Source_code/Unit_test.cpp" />
		<Unit filename="../Source_code/Unit_test.hpp" />
		<Unit filename="../Source_code/calc_GCD_LCM/calcGCD.c">
			<Option compilerVar="CC" />
			<Option target="Generic_Release" />
			<Option target="Debug_Linux_x86_32bit" />
			<Option target="Release_Linux_x86_32bit" />
			<Option target="Debug_Windows_x86_32bit" />
			<Option target="Release_Windows_x86_32bit" />
			<Option target="Debug_Mac_x86_32bit" />
			<Option target="Release_Mac_x86_32bit" />
			<Option target="Generic_Library_Debug" />
			<Option target="Generic_Library_Release" />
			<Option target="Generic_Library_Windows_Debug" />
			<Option target="Generic_Library_Windows_Release" />
		</Unit>
		<Unit filename="../Source_code/calc_GCD_LCM/calcGCD.h">
			<Option target="Generic_Release" />
			<Option target="Debug_Linux_x86_32bit" />
			<Option target="Release_Linux_x86_32bit" />
			<Option target="Debug_Windows_x86_32bit" />
			<Option target="Release_Windows_x86_32bit" />
			<Option target="Debug_Mac_x86_32bit" />
			<Option target="Release_Mac_x86_32bit" />
			<Option target="Generic_Library_Debug" />
			<Option target="Generic_Library_Release" />
			<Option target="Generic_Library_Windows_Debug" />
			<Option target="Generic_Library_Windows_Release" />
		</Unit>
		<Unit filename="../Source_code/findMaxMin/findMaxMin.c">
			<Option compilerVar="CC" />
			<Option target="Generic_Library_Debug" />
			<Option target="Generic_Library_Release" />
			<Option target="Generic_Library_Windows_Debug" />
			<Option target="Generic_Library_Windows_Release" />
		</Unit>
		<Unit filename="../Source_code/findMaxMin/findMaxMin.h">
			<Option target="Generic_Library_Debug" />
			<Option target="Generic_Library_Release" />
			<Option target="Generic_Library_Windows_Debug" />
			<Option target="Generic_Library_Windows_Release" />
		</Unit>
		<Unit filename="../Source_code/listDirectoryFiles/listDirectoryFiles.c">
			<Option compilerVar="CC" />
			<Option target="Generic_Library_Debug" />
			<Option target="Generic_Library_Release" />
			<Option target="Generic_Library_Windows_Debug" />
			<Option target="Generic_Library_Windows_Release" />
		</Unit>
		<Unit filename="../Source_code/listDirectoryFiles/listDirectoryFiles.h">
			<Option target="Generic_Library_Debug" />
			<Option target="Generic_Library_Release" />
			<Option target="Generic_Library_Windows_Debug" />
			<Option target="Generic_Library_Windows_Release" />
		</Unit>
		<Unit filename="../Source_code/pauseProgram/pauseProgram.c">
			<Option compilerVar="CC" />
			<Option target="Generic_Library_Debug" />
			<Option target="Generic_Library_Release" />
			<Option target="Generic_Library_Windows_Debug" />
			<Option target="Generic_Library_Windows_Release" />
		</Unit>
		<Unit filename="../Source_code/pauseProgram/pauseProgram.h">
			<Option target="Generic_Library_Debug" />
			<Option target="Generic_Library_Release" />
			<Option target="Generic_Library_Windows_Debug" />
			<Option target="Generic_Library_Windows_Release" />
		</Unit>
		<Unit filename="../Source_code/printSomething/printSomething.c">
			<Option compilerVar="CC" />
			<Option target="Generic_Library_Debug" />
			<Option target="Generic_Library_Release" />
			<Option target="Generic_Library_Windows_Debug" />
			<Option target="Generic_Library_Windows_Release" />
		</Unit>
		<Unit filename="../Source_code/printSomething/printSomething.h">
			<Option target="Generic_Library_Debug" />
			<Option target="Generic_Library_Release" />
			<Option target="Generic_Library_Windows_Debug" />
			<Option target="Generic_Library_Windows_Release" />
		</Unit>
		<Unit filename="../Source_code/showSoftwareInfo/showSoftwareInfo.c">
			<Option compilerVar="CC" />
			<Option target="Generic_Library_Debug" />
			<Option target="Generic_Library_Release" />
			<Option target="Generic_Library_Windows_Debug" />
			<Option target="Generic_Library_Windows_Release" />
		</Unit>
		<Unit filename="../Source_code/showSoftwareInfo/showSoftwareInfo.h">
			<Option target="Generic_Library_Debug" />
			<Option target="Generic_Library_Release" />
			<Option target="Generic_Library_Windows_Debug" />
			<Option target="Generic_Library_Windows_Release" />
		</Unit>
		<Unit filename="../Source_code/testSomething_C/testSomething.c">
			<Option compilerVar="CC" />
			<Option target="Generic_Library_Debug" />
			<Option target="Generic_Library_Release" />
			<Option target="Generic_Library_Windows_Debug" />
			<Option target="Generic_Library_Windows_Release" />
		</Unit>
		<Unit filename="../Source_code/testSomething_C/testSomething.h">
			<Option target="Generic_Library_Debug" />
			<Option target="Generic_Library_Release" />
			<Option target="Generic_Library_Windows_Debug" />
			<Option target="Generic_Library_Windows_Release" />
		</Unit>
		<Extensions>
			<code_completion />
			<debugger />
			<envvars set="locale_en_us" />
		</Extensions>
	</Project>
</CodeBlocks_project_file>
