<?xml version="1.0" encoding="UTF-8" standalone="yes" ?>
<CodeBlocks_project_file>
	<FileVersion major="1" minor="6" />
	<Project>
		<Option title="排序演算法" />
		<Option pch_mode="2" />
		<Option compiler="gcc" />
		<Build>
			<Target title="Debug">
				<Option output="Binary_executable/Debug/Test_program.linux.exe" prefix_auto="1" extension_auto="0" />
				<Option object_output="Object_file/Debug/" />
				<Option type="1" />
				<Option compiler="gcc" />
				<Compiler>
					<Add option="-g" />
				</Compiler>
			</Target>
			<Target title="Release">
				<Option output="Binary_executable/Release/Test_program.linux.exe" prefix_auto="1" extension_auto="0" />
				<Option object_output="Object_file/Release/" />
				<Option type="1" />
				<Option compiler="gcc" />
				<Compiler>
					<Add option="-O2" />
				</Compiler>
				<Linker>
					<Add option="-s" />
				</Linker>
			</Target>
		</Build>
		<Compiler>
			<Add option="-Wall" />
		</Compiler>
		<Unit filename="Source_code/Bubble_sort.c">
			<Option compilerVar="CC" />
		</Unit>
		<Unit filename="Source_code/Bubble_sort.h" />
		<Unit filename="Source_code/Copy_algorithm/Copy_algorithm.c">
			<Option compilerVar="CC" />
		</Unit>
		<Unit filename="Source_code/Copy_algorithm/Copy_algorithm.h" />
		<Unit filename="Source_code/Display_content_algorithm/Display_array.c">
			<Option compilerVar="CC" />
		</Unit>
		<Unit filename="Source_code/Display_content_algorithm/Display_array.h" />
		<Unit filename="Source_code/Heap_sort.c">
			<Option compilerVar="CC" />
		</Unit>
		<Unit filename="Source_code/Heap_sort.h" />
		<Unit filename="Source_code/Insertion_sort.c">
			<Option compilerVar="CC" />
		</Unit>
		<Unit filename="Source_code/Insertion_sort.h" />
		<Unit filename="Source_code/Merge_sort.c">
			<Option compilerVar="CC" />
		</Unit>
		<Unit filename="Source_code/Merge_sort.h" />
		<Unit filename="Source_code/Randomize_algorithm/Randomize_algorithm.c">
			<Option compilerVar="CC" />
		</Unit>
		<Unit filename="Source_code/Randomize_algorithm/Randomize_algorithm.h" />
		<Unit filename="Source_code/Swap_algorithm/Swap_algorithm.c">
			<Option compilerVar="CC" />
		</Unit>
		<Unit filename="Source_code/Swap_algorithm/Swap_algorithm.h" />
		<Unit filename="Source_code/Test_program.c">
			<Option compilerVar="CC" />
		</Unit>
		<Extensions>
			<code_completion />
			<debugger />
		</Extensions>
	</Project>
</CodeBlocks_project_file>
