<?xml version="1.0" encoding="UTF-8" standalone="yes" ?>
<CodeBlocks_project_file>
	<FileVersion major="1" minor="6" />
	<Project>
		<Option title="Portable_EOL_algorithm" />
		<Option pch_mode="2" />
		<Option compiler="gcc" />
		<Build>
			<Target title="Debug">
				<Option output="bin/Debug/portableEOLalgorithm" prefix_auto="1" extension_auto="1" />
				<Option object_output="obj/Debug/" />
				<Option type="1" />
				<Option compiler="gcc" />
				<Compiler>
					<Add option="-g" />
				</Compiler>
			</Target>
			<Target title="Release">
				<Option output="bin/Release/portableEOLalgorithm" prefix_auto="1" extension_auto="1" />
				<Option object_output="obj/Release/" />
				<Option type="1" />
				<Option compiler="gcc" />
				<Compiler>
					<Add option="-O2" />
				</Compiler>
				<Linker>
					<Add option="-s" />
				</Linker>
			</Target>
		</Build>
		<Compiler>
			<Add option="-Wall" />
			<Add option="-fexceptions" />
		</Compiler>
		<Unit filename="Source_code/List_directory_files/listDirectoryFiles.c">
			<Option compilerVar="CC" />
		</Unit>
		<Unit filename="Source_code/List_directory_files/listDirectoryFiles.h" />
		<Unit filename="Source_code/Messages_templates/zh_TW.h" />
		<Unit filename="Source_code/Messages_templates/zh_TW/Debug.zh_TW.h" />
		<Unit filename="Source_code/Messages_templates/zh_TW/Errors.zh_TW.h" />
		<Unit filename="Source_code/Messages_templates/zh_TW/Prompt.zh_TW.h" />
		<Unit filename="Source_code/Project_specific_configurations/Debug.h" />
		<Unit filename="Source_code/Project_specific_configurations/System_category.h" />
		<Unit filename="Source_code/Test_program.cpp" />
		<Unit filename="Source_code/Test_program.h" />
		<Unit filename="Source_code/pauseProgram/Pause_program.c">
			<Option compilerVar="CC" />
		</Unit>
		<Unit filename="Source_code/pauseProgram/Pause_program.h" />
		<Unit filename="Source_code/portableEOLalgorithm/portableEOLalgorithm.cpp" />
		<Unit filename="Source_code/portableEOLalgorithm/portableEOLalgorithm.h" />
		<Extensions>
			<envvars />
			<code_completion />
			<debugger />
			<lib_finder disable_auto="1" />
		</Extensions>
	</Project>
</CodeBlocks_project_file>
